<Solution>
  <Configurations>
    <BuildType Name="Debug" />
    <BuildType Name="Default" />
    <BuildType Name="Release" />
  </Configurations>
  <Project Path="ExpenseTracker.UI/ExpenseTracker.UI.csproj" Id="f7cb9280-5555-4611-996a-fb963fdd692b">
    <BuildType Solution="Default|*" Project="Release" />
  </Project>
  <Project Path="ExpenseTracker/ExpenseTracker.csproj">
    <BuildType Solution="Default|*" Project="Release" />
    <Build Solution="Default|*" Project="false" />
  </Project>
</Solution>
